
Microsoft Visual Studio Solution File, Format Version 12.00
# Visual Studio Version 16
VisualStudioVersion = 16.0.30114.105
MinimumVisualStudioVersion = 10.0.40219.1
Project("{2150E333-8FDC-42A3-9474-1A3956D46DE8}") = "src", "src", "{E039E77B-60CC-43BE-B09A-B9EFCC741C4A}"
EndProject
Project("{FAE04EC0-301F-11D3-BF4B-00C04F79EFBC}") = "Site.Domain", "src\2 - Site.Domain\Site.Domain.csproj", "{5B6EC17B-0E95-40DE-AD32-260B6CBF7D99}"
EndProject
Project("{FAE04EC0-301F-11D3-BF4B-00C04F79EFBC}") = "Site.Services", "src\3 - Site.Services\Site.Services.csproj", "{7EDB74EB-DB6B-4D86-AFAE-FEF8528BDFAE}"
EndProject
Project("{FAE04EC0-301F-11D3-BF4B-00C04F79EFBC}") = "Site.Infra", "src\4 - Site.Infra\Site.Infra.csproj", "{DF7607F7-CF77-4D60-91AC-C6457C43D6A2}"
EndProject
Project("{FAE04EC0-301F-11D3-BF4B-00C04F79EFBC}") = "Site.Core", "src\5 - Site.Core\Site.Core.csproj", "{51C810FA-4B7B-4C61-BEFC-23839C9C7928}"
EndProject
Project("{FAE04EC0-301F-11D3-BF4B-00C04F79EFBC}") = "Site.API", "src\1 - Site.API\Site.API.csproj", "{2B31FBDD-4C5F-42CA-A877-756783F9F207}"
EndProject
Global
	GlobalSection(SolutionConfigurationPlatforms) = preSolution
		Debug|Any CPU = Debug|Any CPU
		Debug|x64 = Debug|x64
		Debug|x86 = Debug|x86
		Release|Any CPU = Release|Any CPU
		Release|x64 = Release|x64
		Release|x86 = Release|x86
	EndGlobalSection
	GlobalSection(SolutionProperties) = preSolution
		HideSolutionNode = FALSE
	EndGlobalSection
	GlobalSection(ProjectConfigurationPlatforms) = postSolution
		{5B6EC17B-0E95-40DE-AD32-260B6CBF7D99}.Debug|Any CPU.ActiveCfg = Debug|Any CPU
		{5B6EC17B-0E95-40DE-AD32-260B6CBF7D99}.Debug|Any CPU.Build.0 = Debug|Any CPU
		{5B6EC17B-0E95-40DE-AD32-260B6CBF7D99}.Debug|x64.ActiveCfg = Debug|Any CPU
		{5B6EC17B-0E95-40DE-AD32-260B6CBF7D99}.Debug|x64.Build.0 = Debug|Any CPU
		{5B6EC17B-0E95-40DE-AD32-260B6CBF7D99}.Debug|x86.ActiveCfg = Debug|Any CPU
		{5B6EC17B-0E95-40DE-AD32-260B6CBF7D99}.Debug|x86.Build.0 = Debug|Any CPU
		{5B6EC17B-0E95-40DE-AD32-260B6CBF7D99}.Release|Any CPU.ActiveCfg = Release|Any CPU
		{5B6EC17B-0E95-40DE-AD32-260B6CBF7D99}.Release|Any CPU.Build.0 = Release|Any CPU
		{5B6EC17B-0E95-40DE-AD32-260B6CBF7D99}.Release|x64.ActiveCfg = Release|Any CPU
		{5B6EC17B-0E95-40DE-AD32-260B6CBF7D99}.Release|x64.Build.0 = Release|Any CPU
		{5B6EC17B-0E95-40DE-AD32-260B6CBF7D99}.Release|x86.ActiveCfg = Release|Any CPU
		{5B6EC17B-0E95-40DE-AD32-260B6CBF7D99}.Release|x86.Build.0 = Release|Any CPU
		{7EDB74EB-DB6B-4D86-AFAE-FEF8528BDFAE}.Debug|Any CPU.ActiveCfg = Debug|Any CPU
		{7EDB74EB-DB6B-4D86-AFAE-FEF8528BDFAE}.Debug|Any CPU.Build.0 = Debug|Any CPU
		{7EDB74EB-DB6B-4D86-AFAE-FEF8528BDFAE}.Debug|x64.ActiveCfg = Debug|Any CPU
		{7EDB74EB-DB6B-4D86-AFAE-FEF8528BDFAE}.Debug|x64.Build.0 = Debug|Any CPU
		{7EDB74EB-DB6B-4D86-AFAE-FEF8528BDFAE}.Debug|x86.ActiveCfg = Debug|Any CPU
		{7EDB74EB-DB6B-4D86-AFAE-FEF8528BDFAE}.Debug|x86.Build.0 = Debug|Any CPU
		{7EDB74EB-DB6B-4D86-AFAE-FEF8528BDFAE}.Release|Any CPU.ActiveCfg = Release|Any CPU
		{7EDB74EB-DB6B-4D86-AFAE-FEF8528BDFAE}.Release|Any CPU.Build.0 = Release|Any CPU
		{7EDB74EB-DB6B-4D86-AFAE-FEF8528BDFAE}.Release|x64.ActiveCfg = Release|Any CPU
		{7EDB74EB-DB6B-4D86-AFAE-FEF8528BDFAE}.Release|x64.Build.0 = Release|Any CPU
		{7EDB74EB-DB6B-4D86-AFAE-FEF8528BDFAE}.Release|x86.ActiveCfg = Release|Any CPU
		{7EDB74EB-DB6B-4D86-AFAE-FEF8528BDFAE}.Release|x86.Build.0 = Release|Any CPU
		{DF7607F7-CF77-4D60-91AC-C6457C43D6A2}.Debug|Any CPU.ActiveCfg = Debug|Any CPU
		{DF7607F7-CF77-4D60-91AC-C6457C43D6A2}.Debug|Any CPU.Build.0 = Debug|Any CPU
		{DF7607F7-CF77-4D60-91AC-C6457C43D6A2}.Debug|x64.ActiveCfg = Debug|Any CPU
		{DF7607F7-CF77-4D60-91AC-C6457C43D6A2}.Debug|x64.Build.0 = Debug|Any CPU
		{DF7607F7-CF77-4D60-91AC-C6457C43D6A2}.Debug|x86.ActiveCfg = Debug|Any CPU
		{DF7607F7-CF77-4D60-91AC-C6457C43D6A2}.Debug|x86.Build.0 = Debug|Any CPU
		{DF7607F7-CF77-4D60-91AC-C6457C43D6A2}.Release|Any CPU.ActiveCfg = Release|Any CPU
		{DF7607F7-CF77-4D60-91AC-C6457C43D6A2}.Release|Any CPU.Build.0 = Release|Any CPU
		{DF7607F7-CF77-4D60-91AC-C6457C43D6A2}.Release|x64.ActiveCfg = Release|Any CPU
		{DF7607F7-CF77-4D60-91AC-C6457C43D6A2}.Release|x64.Build.0 = Release|Any CPU
		{DF7607F7-CF77-4D60-91AC-C6457C43D6A2}.Release|x86.ActiveCfg = Release|Any CPU
		{DF7607F7-CF77-4D60-91AC-C6457C43D6A2}.Release|x86.Build.0 = Release|Any CPU
		{51C810FA-4B7B-4C61-BEFC-23839C9C7928}.Debug|Any CPU.ActiveCfg = Debug|Any CPU
		{51C810FA-4B7B-4C61-BEFC-23839C9C7928}.Debug|Any CPU.Build.0 = Debug|Any CPU
		{51C810FA-4B7B-4C61-BEFC-23839C9C7928}.Debug|x64.ActiveCfg = Debug|Any CPU
		{51C810FA-4B7B-4C61-BEFC-23839C9C7928}.Debug|x64.Build.0 = Debug|Any CPU
		{51C810FA-4B7B-4C61-BEFC-23839C9C7928}.Debug|x86.ActiveCfg = Debug|Any CPU
		{51C810FA-4B7B-4C61-BEFC-23839C9C7928}.Debug|x86.Build.0 = Debug|Any CPU
		{51C810FA-4B7B-4C61-BEFC-23839C9C7928}.Release|Any CPU.ActiveCfg = Release|Any CPU
		{51C810FA-4B7B-4C61-BEFC-23839C9C7928}.Release|Any CPU.Build.0 = Release|Any CPU
		{51C810FA-4B7B-4C61-BEFC-23839C9C7928}.Release|x64.ActiveCfg = Release|Any CPU
		{51C810FA-4B7B-4C61-BEFC-23839C9C7928}.Release|x64.Build.0 = Release|Any CPU
		{51C810FA-4B7B-4C61-BEFC-23839C9C7928}.Release|x86.ActiveCfg = Release|Any CPU
		{51C810FA-4B7B-4C61-BEFC-23839C9C7928}.Release|x86.Build.0 = Release|Any CPU
		{2B31FBDD-4C5F-42CA-A877-756783F9F207}.Debug|Any CPU.ActiveCfg = Debug|Any CPU
		{2B31FBDD-4C5F-42CA-A877-756783F9F207}.Debug|Any CPU.Build.0 = Debug|Any CPU
		{2B31FBDD-4C5F-42CA-A877-756783F9F207}.Debug|x64.ActiveCfg = Debug|Any CPU
		{2B31FBDD-4C5F-42CA-A877-756783F9F207}.Debug|x64.Build.0 = Debug|Any CPU
		{2B31FBDD-4C5F-42CA-A877-756783F9F207}.Debug|x86.ActiveCfg = Debug|Any CPU
		{2B31FBDD-4C5F-42CA-A877-756783F9F207}.Debug|x86.Build.0 = Debug|Any CPU
		{2B31FBDD-4C5F-42CA-A877-756783F9F207}.Release|Any CPU.ActiveCfg = Release|Any CPU
		{2B31FBDD-4C5F-42CA-A877-756783F9F207}.Release|Any CPU.Build.0 = Release|Any CPU
		{2B31FBDD-4C5F-42CA-A877-756783F9F207}.Release|x64.ActiveCfg = Release|Any CPU
		{2B31FBDD-4C5F-42CA-A877-756783F9F207}.Release|x64.Build.0 = Release|Any CPU
		{2B31FBDD-4C5F-42CA-A877-756783F9F207}.Release|x86.ActiveCfg = Release|Any CPU
		{2B31FBDD-4C5F-42CA-A877-756783F9F207}.Release|x86.Build.0 = Release|Any CPU
	EndGlobalSection
	GlobalSection(NestedProjects) = preSolution
		{5B6EC17B-0E95-40DE-AD32-260B6CBF7D99} = {E039E77B-60CC-43BE-B09A-B9EFCC741C4A}
		{7EDB74EB-DB6B-4D86-AFAE-FEF8528BDFAE} = {E039E77B-60CC-43BE-B09A-B9EFCC741C4A}
		{DF7607F7-CF77-4D60-91AC-C6457C43D6A2} = {E039E77B-60CC-43BE-B09A-B9EFCC741C4A}
		{51C810FA-4B7B-4C61-BEFC-23839C9C7928} = {E039E77B-60CC-43BE-B09A-B9EFCC741C4A}
		{2B31FBDD-4C5F-42CA-A877-756783F9F207} = {E039E77B-60CC-43BE-B09A-B9EFCC741C4A}
	EndGlobalSection
EndGlobal
